<?xml version="1.0" encoding="utf-8"?>
<Project ToolsVersion="4.0" xmlns="http://schemas.microsoft.com/developer/msbuild/2003">
  <ItemGroup>
    <ClCompile Include="main.cpp" />
  </ItemGroup>
  <ItemGroup>
    <ClInclude Include="XML.hpp" />
    <ClInclude Include="libutf8\libutf8.hpp">
      <Filter>libutf8</Filter>
    </ClInclude>
    <ClInclude Include="libutf8\json_tokens.hpp">
      <Filter>libutf8</Filter>
    </ClInclude>
    <ClInclude Include="libutf8\base.hpp">
      <Filter>libutf8</Filter>
    </ClInclude>
    <ClInclude Include="libutf8\caseinsensitivestring.hpp">
      <Filter>libutf8</Filter>
    </ClInclude>
    <ClInclude Include="libutf8\exception.hpp">
      <Filter>libutf8</Filter>
    </ClInclude>
    <ClInclude Include="libutf8\iterator.hpp">
      <Filter>libutf8</Filter>
    </ClInclude>
    <ClInclude Include="libutf8\unicode_data.hpp">
      <Filter>libutf8</Filter>
    </ClInclude>
    <ClInclude Include="libutf8\unicode_data_file.hpp">
      <Filter>libutf8</Filter>
    </ClInclude>
    <ClInclude Include="TLK\Tlk2.0.hpp">
      <Filter>TLK</Filter>
    </ClInclude>
    <ClInclude Include="TLK\uint.hpp">
      <Filter>TLK</Filter>
    </ClInclude>
    <ClInclude Include="TLK\Big_endian.hpp">
      <Filter>TLK</Filter>
    </ClInclude>
    <ClInclude Include="TLK\Header_tlk.hpp">
      <Filter>TLK</Filter>
    </ClInclude>
    <ClInclude Include="Windows\hash_map.hpp">
      <Filter>Windows</Filter>
    </ClInclude>
    <ClInclude Include="Windows\uint.hpp">
      <Filter>Windows</Filter>
    </ClInclude>
  </ItemGroup>
  <ItemGroup>
    <None Include="LICENSE" />
    <None Include="README.md" />
  </ItemGroup>
  <ItemGroup>
    <Filter Include="libutf8">
      <UniqueIdentifier>{68a1deda-9a54-4b83-a88e-c76fe74fc744}</UniqueIdentifier>
    </Filter>
    <Filter Include="TLK">
      <UniqueIdentifier>{d01aa859-0a7b-470b-9ea3-060db5dadcb6}</UniqueIdentifier>
    </Filter>
    <Filter Include="Windows">
      <UniqueIdentifier>{ed41166d-7a31-4cd1-be1b-5fadb6dc8552}</UniqueIdentifier>
    </Filter>
  </ItemGroup>
</Project>